
Microsoft Visual Studio Solution File, Format Version 12.00
# Visual Studio 15
VisualStudioVersion = 15.0.28307.705
MinimumVisualStudioVersion = 10.0.40219.1
Project("{FAE04EC0-301F-11D3-BF4B-00C04F79EFBC}") = "CSProcessReimagingPOC", "CSProcessReimagingPOC\CSProcessReimagingPOC.csproj", "{4FB037AA-A39C-42C3-B4B9-135F974FF79D}"
EndProject
Global
	GlobalSection(SolutionConfigurationPlatforms) = preSolution
		Debug|Any CPU = Debug|Any CPU
		Release|Any CPU = Release|Any CPU
	EndGlobalSection
	GlobalSection(ProjectConfigurationPlatforms) = postSolution
		{4FB037AA-A39C-42C3-B4B9-135F974FF79D}.Debug|Any CPU.ActiveCfg = Debug|Any CPU
		{4FB037AA-A39C-42C3-B4B9-135F974FF79D}.Debug|Any CPU.Build.0 = Debug|Any CPU
		{4FB037AA-A39C-42C3-B4B9-135F974FF79D}.Release|Any CPU.ActiveCfg = Release|Any CPU
		{4FB037AA-A39C-42C3-B4B9-135F974FF79D}.Release|Any CPU.Build.0 = Release|Any CPU
	EndGlobalSection
	GlobalSection(SolutionProperties) = preSolution
		HideSolutionNode = FALSE
	EndGlobalSection
	GlobalSection(ExtensibilityGlobals) = postSolution
		SolutionGuid = {69E481D4-E3B5-4843-9683-3378DBD4AAA4}
	EndGlobalSection
EndGlobal
